
Microsoft Visual Studio Solution File, Format Version 12.00
# Visual Studio Version 17
VisualStudioVersion = 17.3.32825.248
MinimumVisualStudioVersion = 10.0.40219.1
Project("{FAE04EC0-301F-11D3-BF4B-00C04F79EFBC}") = "IHM_Designer", "IHM_Designer\IHM_Designer.csproj", "{88A78889-4E3B-48DF-919E-10F5D539B04F}"
EndProject
Project("{FAE04EC0-301F-11D3-BF4B-00C04F79EFBC}") = "IHM_Player", "IHM_Player\IHM_Player.csproj", "{FAFC15DD-1C66-4216-AB26-9E3A48E213F7}"
EndProject
Project("{FAE04EC0-301F-11D3-BF4B-00C04F79EFBC}") = "AbstractFonctoid", "AbstractFonctoid\AbstractFonctoid.csproj", "{4DBC99DB-F4AD-4896-B998-152CD1BB9E78}"
EndProject
Project("{FAE04EC0-301F-11D3-BF4B-00C04F79EFBC}") = "Fonctoid", "Fonctoid\Fonctoid.csproj", "{744AD74B-8B2F-402E-BF52-A4E3A5448981}"
EndProject
Project("{FAE04EC0-301F-11D3-BF4B-00C04F79EFBC}") = "Data", "Data\Data.csproj", "{31BEFF87-E402-487F-AAD8-EED1AA55B657}"
EndProject
Project("{FAE04EC0-301F-11D3-BF4B-00C04F79EFBC}") = "WebService", "WebService\WebService.csproj", "{7BB7EFF8-D29C-420A-A11A-96BBA31EF8D5}"
EndProject
Global
	GlobalSection(SolutionConfigurationPlatforms) = preSolution
		Debug|Any CPU = Debug|Any CPU
		Release|Any CPU = Release|Any CPU
	EndGlobalSection
	GlobalSection(ProjectConfigurationPlatforms) = postSolution
		{88A78889-4E3B-48DF-919E-10F5D539B04F}.Debug|Any CPU.ActiveCfg = Debug|Any CPU
		{88A78889-4E3B-48DF-919E-10F5D539B04F}.Debug|Any CPU.Build.0 = Debug|Any CPU
		{88A78889-4E3B-48DF-919E-10F5D539B04F}.Release|Any CPU.ActiveCfg = Release|Any CPU
		{88A78889-4E3B-48DF-919E-10F5D539B04F}.Release|Any CPU.Build.0 = Release|Any CPU
		{FAFC15DD-1C66-4216-AB26-9E3A48E213F7}.Debug|Any CPU.ActiveCfg = Debug|Any CPU
		{FAFC15DD-1C66-4216-AB26-9E3A48E213F7}.Debug|Any CPU.Build.0 = Debug|Any CPU
		{FAFC15DD-1C66-4216-AB26-9E3A48E213F7}.Release|Any CPU.ActiveCfg = Release|Any CPU
		{FAFC15DD-1C66-4216-AB26-9E3A48E213F7}.Release|Any CPU.Build.0 = Release|Any CPU
		{4DBC99DB-F4AD-4896-B998-152CD1BB9E78}.Debug|Any CPU.ActiveCfg = Debug|Any CPU
		{4DBC99DB-F4AD-4896-B998-152CD1BB9E78}.Debug|Any CPU.Build.0 = Debug|Any CPU
		{4DBC99DB-F4AD-4896-B998-152CD1BB9E78}.Release|Any CPU.ActiveCfg = Release|Any CPU
		{4DBC99DB-F4AD-4896-B998-152CD1BB9E78}.Release|Any CPU.Build.0 = Release|Any CPU
		{744AD74B-8B2F-402E-BF52-A4E3A5448981}.Debug|Any CPU.ActiveCfg = Debug|Any CPU
		{744AD74B-8B2F-402E-BF52-A4E3A5448981}.Debug|Any CPU.Build.0 = Debug|Any CPU
		{744AD74B-8B2F-402E-BF52-A4E3A5448981}.Release|Any CPU.ActiveCfg = Release|Any CPU
		{744AD74B-8B2F-402E-BF52-A4E3A5448981}.Release|Any CPU.Build.0 = Release|Any CPU
		{31BEFF87-E402-487F-AAD8-EED1AA55B657}.Debug|Any CPU.ActiveCfg = Debug|Any CPU
		{31BEFF87-E402-487F-AAD8-EED1AA55B657}.Debug|Any CPU.Build.0 = Debug|Any CPU
		{31BEFF87-E402-487F-AAD8-EED1AA55B657}.Release|Any CPU.ActiveCfg = Release|Any CPU
		{31BEFF87-E402-487F-AAD8-EED1AA55B657}.Release|Any CPU.Build.0 = Release|Any CPU
		{7BB7EFF8-D29C-420A-A11A-96BBA31EF8D5}.Debug|Any CPU.ActiveCfg = Debug|Any CPU
		{7BB7EFF8-D29C-420A-A11A-96BBA31EF8D5}.Debug|Any CPU.Build.0 = Debug|Any CPU
		{7BB7EFF8-D29C-420A-A11A-96BBA31EF8D5}.Release|Any CPU.ActiveCfg = Release|Any CPU
		{7BB7EFF8-D29C-420A-A11A-96BBA31EF8D5}.Release|Any CPU.Build.0 = Release|Any CPU
	EndGlobalSection
	GlobalSection(SolutionProperties) = preSolution
		HideSolutionNode = FALSE
	EndGlobalSection
	GlobalSection(ExtensibilityGlobals) = postSolution
		SolutionGuid = {6DB715B9-BA1A-4EAE-AA4B-3D524F30DF38}
	EndGlobalSection
EndGlobal
